// !$*UTF8*$!
{
	archiveVersion = 1;
	classes = {
	};
	objectVersion = 42;
	objects = {

/* Begin PBXBuildFile section */
		0429C0FF111EFFDA0062C5AE /* JRSwizzle.m in Sources */ = {isa = PBXBuildFile; fileRef = 0429C0FD111EFFDA0062C5AE /* JRSwizzle.m */; };
		0445E2C2113B545800461711 /* dsa_pub.pem in Resources */ = {isa = PBXBuildFile; fileRef = 0445E2C1113B545800461711 /* dsa_pub.pem */; };
		044AB049113D2CA500304627 /* MMSparkle.framework in Frameworks */ = {isa = PBXBuildFile; fileRef = 044AB048113D2CA500304627 /* MMSparkle.framework */; };
		044AB04E113D2CA900304627 /* MMSparkle.framework in CopyFiles */ = {isa = PBXBuildFile; fileRef = 044AB048113D2CA500304627 /* MMSparkle.framework */; };
		045379821138180E0019F7BF /* ShortcutRecorder.framework in Frameworks */ = {isa = PBXBuildFile; fileRef = 045379811138180E0019F7BF /* ShortcutRecorder.framework */; };
		04537B7F113828CB0019F7BF /* ShortcutRecorder.framework in CopyFiles */ = {isa = PBXBuildFile; fileRef = 045379811138180E0019F7BF /* ShortcutRecorder.framework */; };
		048D064611216B1C009F7865 /* TextMateMinimap.m in Sources */ = {isa = PBXBuildFile; fileRef = 048D064511216B1C009F7865 /* TextMateMinimap.m */; };
		048D065E11216C0F009F7865 /* MinimapView.m in Sources */ = {isa = PBXBuildFile; fileRef = 048D065D11216C0F009F7865 /* MinimapView.m */; };
		04A843DB1136972E002743B0 /* textmate-minimap.tiff in Resources */ = {isa = PBXBuildFile; fileRef = 04A843DA1136972E002743B0 /* textmate-minimap.tiff */; };
		04AEA8EA115930A700E337C5 /* AsyncBGDrawOperation.m in Sources */ = {isa = PBXBuildFile; fileRef = 04AEA8E9115930A700E337C5 /* AsyncBGDrawOperation.m */; };
		04B9A499112AF27F0082EF25 /* LICENSE.txt in Resources */ = {isa = PBXBuildFile; fileRef = 04B9A497112AF27F0082EF25 /* LICENSE.txt */; };
		04C7F6791178629900A3A4DD /* MMCWTMSplitView.mm in Sources */ = {isa = PBXBuildFile; fileRef = 04C7F6761178629900A3A4DD /* MMCWTMSplitView.mm */; };
		04C7F67A1178629900A3A4DD /* MMKFSplitView.m in Sources */ = {isa = PBXBuildFile; fileRef = 04C7F6781178629900A3A4DD /* MMKFSplitView.m */; };
		04C7F685117862A400A3A4DD /* NSScrollView+Minimap.m in Sources */ = {isa = PBXBuildFile; fileRef = 04C7F67C117862A400A3A4DD /* NSScrollView+Minimap.m */; };
		04C7F686117862A400A3A4DD /* NSView+Minimap.m in Sources */ = {isa = PBXBuildFile; fileRef = 04C7F67E117862A400A3A4DD /* NSView+Minimap.m */; };
		04C7F687117862A400A3A4DD /* NSWindow+Minimap.m in Sources */ = {isa = PBXBuildFile; fileRef = 04C7F680117862A400A3A4DD /* NSWindow+Minimap.m */; };
		04C7F688117862A400A3A4DD /* NSWindowController+Minimap.m in Sources */ = {isa = PBXBuildFile; fileRef = 04C7F682117862A400A3A4DD /* NSWindowController+Minimap.m */; };
		04C7F689117862A400A3A4DD /* NSWindowController+Preferences.m in Sources */ = {isa = PBXBuildFile; fileRef = 04C7F684117862A400A3A4DD /* NSWindowController+Preferences.m */; };
		04CC435C116A7CA600FC40F4 /* README.markdown in Resources */ = {isa = PBXBuildFile; fileRef = 04CC435B116A7CA600FC40F4 /* README.markdown */; };
		04D1F7421136CF58008BF7DA /* Preferences.xib in Resources */ = {isa = PBXBuildFile; fileRef = 04D1F7411136CF58008BF7DA /* Preferences.xib */; };
		04DC1B7511536F6700F87F90 /* AsyncDrawOperation.m in Sources */ = {isa = PBXBuildFile; fileRef = 04DC1B7411536F6700F87F90 /* AsyncDrawOperation.m */; };
		04DC1F521154DC5D00F87F90 /* BackgroundUpdater.m in Sources */ = {isa = PBXBuildFile; fileRef = 04DC1F511154DC5D00F87F90 /* BackgroundUpdater.m */; };
		8D5B49B0048680CD000E48DA /* InfoPlist.strings in Resources */ = {isa = PBXBuildFile; fileRef = 089C167DFE841241C02AAC07 /* InfoPlist.strings */; };
		8D5B49B4048680CD000E48DA /* Cocoa.framework in Frameworks */ = {isa = PBXBuildFile; fileRef = 1058C7ADFEA557BF11CA2CBB /* Cocoa.framework */; };
/* End PBXBuildFile section */

/* Begin PBXCopyFilesBuildPhase section */
		04537B88113828FD0019F7BF /* CopyFiles */ = {
			isa = PBXCopyFilesBuildPhase;
			buildActionMask = 2147483647;
			dstPath = "";
			dstSubfolderSpec = 10;
			files = (
				044AB04E113D2CA900304627 /* MMSparkle.framework in CopyFiles */,
				04537B7F113828CB0019F7BF /* ShortcutRecorder.framework in CopyFiles */,
			);
			runOnlyForDeploymentPostprocessing = 0;
		};
/* End PBXCopyFilesBuildPhase section */

/* Begin PBXFileReference section */
		0429C0FC111EFFDA0062C5AE /* JRSwizzle.h */ = {isa = PBXFileReference; fileEncoding = 4; lastKnownFileType = sourcecode.c.h; path = JRSwizzle.h; sourceTree = "<group>"; };
		0429C0FD111EFFDA0062C5AE /* JRSwizzle.m */ = {isa = PBXFileReference; fileEncoding = 4; lastKnownFileType = sourcecode.c.objc; path = JRSwizzle.m; sourceTree = "<group>"; };
		0429C0FE111EFFDA0062C5AE /* TextMate.h */ = {isa = PBXFileReference; fileEncoding = 4; lastKnownFileType = sourcecode.c.h; path = TextMate.h; sourceTree = "<group>"; };
		0445E2C1113B545800461711 /* dsa_pub.pem */ = {isa = PBXFileReference; fileEncoding = 4; lastKnownFileType = text; path = dsa_pub.pem; sourceTree = "<group>"; };
		044682CE11592AA000BE3D86 /* AsyncBGDrawOperation.h */ = {isa = PBXFileReference; fileEncoding = 4; lastKnownFileType = sourcecode.c.h; path = AsyncBGDrawOperation.h; sourceTree = "<group>"; };
		044AB048113D2CA500304627 /* MMSparkle.framework */ = {isa = PBXFileReference; lastKnownFileType = wrapper.framework; name = MMSparkle.framework; path = Frameworks/MMSparkle.framework; sourceTree = "<group>"; };
		0451552D11244E160097261D /* TextMateMinimap_Prefix.pch */ = {isa = PBXFileReference; fileEncoding = 4; lastKnownFileType = sourcecode.c.h; path = TextMateMinimap_Prefix.pch; sourceTree = "<group>"; };
		045379811138180E0019F7BF /* ShortcutRecorder.framework */ = {isa = PBXFileReference; lastKnownFileType = wrapper.framework; name = ShortcutRecorder.framework; path = Frameworks/ShortcutRecorder.framework; sourceTree = "<group>"; };
		048D064411216B1C009F7865 /* TextMateMinimap.h */ = {isa = PBXFileReference; fileEncoding = 4; lastKnownFileType = sourcecode.c.h; path = TextMateMinimap.h; sourceTree = "<group>"; };
		048D064511216B1C009F7865 /* TextMateMinimap.m */ = {isa = PBXFileReference; fileEncoding = 4; lastKnownFileType = sourcecode.c.objc; path = TextMateMinimap.m; sourceTree = "<group>"; };
		048D065C11216C0F009F7865 /* MinimapView.h */ = {isa = PBXFileReference; fileEncoding = 4; lastKnownFileType = sourcecode.c.h; path = MinimapView.h; sourceTree = "<group>"; };
		048D065D11216C0F009F7865 /* MinimapView.m */ = {isa = PBXFileReference; fileEncoding = 4; lastKnownFileType = sourcecode.c.objc; path = MinimapView.m; sourceTree = "<group>"; };
		04A843DA1136972E002743B0 /* textmate-minimap.tiff */ = {isa = PBXFileReference; lastKnownFileType = image.tiff; path = "textmate-minimap.tiff"; sourceTree = "<group>"; };
		04AEA8E9115930A700E337C5 /* AsyncBGDrawOperation.m */ = {isa = PBXFileReference; fileEncoding = 4; lastKnownFileType = sourcecode.c.objc; path = AsyncBGDrawOperation.m; sourceTree = "<group>"; };
		04B9A497112AF27F0082EF25 /* LICENSE.txt */ = {isa = PBXFileReference; fileEncoding = 4; lastKnownFileType = text; path = LICENSE.txt; sourceTree = "<group>"; };
		04C7F6751178629900A3A4DD /* MMCWTMSplitView.h */ = {isa = PBXFileReference; fileEncoding = 4; lastKnownFileType = sourcecode.c.h; name = MMCWTMSplitView.h; path = sidepane/MMCWTMSplitView.h; sourceTree = "<group>"; };
		04C7F6761178629900A3A4DD /* MMCWTMSplitView.mm */ = {isa = PBXFileReference; fileEncoding = 4; lastKnownFileType = sourcecode.cpp.objcpp; name = MMCWTMSplitView.mm; path = sidepane/MMCWTMSplitView.mm; sourceTree = "<group>"; };
		04C7F6771178629900A3A4DD /* MMKFSplitView.h */ = {isa = PBXFileReference; fileEncoding = 4; lastKnownFileType = sourcecode.c.h; name = MMKFSplitView.h; path = sidepane/MMKFSplitView.h; sourceTree = "<group>"; };
		04C7F6781178629900A3A4DD /* MMKFSplitView.m */ = {isa = PBXFileReference; fileEncoding = 4; lastKnownFileType = sourcecode.c.objc; name = MMKFSplitView.m; path = sidepane/MMKFSplitView.m; sourceTree = "<group>"; };
		04C7F67B117862A400A3A4DD /* NSScrollView+Minimap.h */ = {isa = PBXFileReference; fileEncoding = 4; lastKnownFileType = sourcecode.c.h; name = "NSScrollView+Minimap.h"; path = "categories/NSScrollView+Minimap.h"; sourceTree = "<group>"; };
		04C7F67C117862A400A3A4DD /* NSScrollView+Minimap.m */ = {isa = PBXFileReference; fileEncoding = 4; lastKnownFileType = sourcecode.c.objc; name = "NSScrollView+Minimap.m"; path = "categories/NSScrollView+Minimap.m"; sourceTree = "<group>"; };
		04C7F67D117862A400A3A4DD /* NSView+Minimap.h */ = {isa = PBXFileReference; fileEncoding = 4; lastKnownFileType = sourcecode.c.h; name = "NSView+Minimap.h"; path = "categories/NSView+Minimap.h"; sourceTree = "<group>"; };
		04C7F67E117862A400A3A4DD /* NSView+Minimap.m */ = {isa = PBXFileReference; fileEncoding = 4; lastKnownFileType = sourcecode.c.objc; name = "NSView+Minimap.m"; path = "categories/NSView+Minimap.m"; sourceTree = "<group>"; };
		04C7F67F117862A400A3A4DD /* NSWindow+Minimap.h */ = {isa = PBXFileReference; fileEncoding = 4; lastKnownFileType = sourcecode.c.h; name = "NSWindow+Minimap.h"; path = "categories/NSWindow+Minimap.h"; sourceTree = "<group>"; };
		04C7F680117862A400A3A4DD /* NSWindow+Minimap.m */ = {isa = PBXFileReference; fileEncoding = 4; lastKnownFileType = sourcecode.c.objc; name = "NSWindow+Minimap.m"; path = "categories/NSWindow+Minimap.m"; sourceTree = "<group>"; };
		04C7F681117862A400A3A4DD /* NSWindowController+Minimap.h */ = {isa = PBXFileReference; fileEncoding = 4; lastKnownFileType = sourcecode.c.h; name = "NSWindowController+Minimap.h"; path = "categories/NSWindowController+Minimap.h"; sourceTree = "<group>"; };
		04C7F682117862A400A3A4DD /* NSWindowController+Minimap.m */ = {isa = PBXFileReference; fileEncoding = 4; lastKnownFileType = sourcecode.c.objc; name = "NSWindowController+Minimap.m"; path = "categories/NSWindowController+Minimap.m"; sourceTree = "<group>"; };
		04C7F683117862A400A3A4DD /* NSWindowController+Preferences.h */ = {isa = PBXFileReference; fileEncoding = 4; lastKnownFileType = sourcecode.c.h; name = "NSWindowController+Preferences.h"; path = "categories/NSWindowController+Preferences.h"; sourceTree = "<group>"; };
		04C7F684117862A400A3A4DD /* NSWindowController+Preferences.m */ = {isa = PBXFileReference; fileEncoding = 4; lastKnownFileType = sourcecode.c.objc; name = "NSWindowController+Preferences.m"; path = "categories/NSWindowController+Preferences.m"; sourceTree = "<group>"; };
		04CC435B116A7CA600FC40F4 /* README.markdown */ = {isa = PBXFileReference; fileEncoding = 4; lastKnownFileType = text; path = README.markdown; sourceTree = "<group>"; };
		04D1F7411136CF58008BF7DA /* Preferences.xib */ = {isa = PBXFileReference; lastKnownFileType = file.xib; path = Preferences.xib; sourceTree = "<group>"; };
		04DC1B7311536F6700F87F90 /* AsyncDrawOperation.h */ = {isa = PBXFileReference; fileEncoding = 4; lastKnownFileType = sourcecode.c.h; path = AsyncDrawOperation.h; sourceTree = "<group>"; };
		04DC1B7411536F6700F87F90 /* AsyncDrawOperation.m */ = {isa = PBXFileReference; fileEncoding = 4; lastKnownFileType = sourcecode.c.objc; path = AsyncDrawOperation.m; sourceTree = "<group>"; };
		04DC1F501154DC5D00F87F90 /* BackgroundUpdater.h */ = {isa = PBXFileReference; fileEncoding = 4; lastKnownFileType = sourcecode.c.h; path = BackgroundUpdater.h; sourceTree = "<group>"; };
		04DC1F511154DC5D00F87F90 /* BackgroundUpdater.m */ = {isa = PBXFileReference; fileEncoding = 4; lastKnownFileType = sourcecode.c.objc; path = BackgroundUpdater.m; sourceTree = "<group>"; };
		089C1672FE841209C02AAC07 /* Foundation.framework */ = {isa = PBXFileReference; lastKnownFileType = wrapper.framework; name = Foundation.framework; path = /System/Library/Frameworks/Foundation.framework; sourceTree = "<absolute>"; };
		089C167EFE841241C02AAC07 /* English */ = {isa = PBXFileReference; fileEncoding = 10; lastKnownFileType = text.plist.strings; name = English; path = English.lproj/InfoPlist.strings; sourceTree = "<group>"; };
		089C167FFE841241C02AAC07 /* AppKit.framework */ = {isa = PBXFileReference; lastKnownFileType = wrapper.framework; name = AppKit.framework; path = /System/Library/Frameworks/AppKit.framework; sourceTree = "<absolute>"; };
		1058C7ADFEA557BF11CA2CBB /* Cocoa.framework */ = {isa = PBXFileReference; lastKnownFileType = wrapper.framework; name = Cocoa.framework; path = /System/Library/Frameworks/Cocoa.framework; sourceTree = "<absolute>"; };
		8D5B49B6048680CD000E48DA /* TextmateMinimap.tmplugin */ = {isa = PBXFileReference; explicitFileType = wrapper.cfbundle; includeInIndex = 0; path = TextmateMinimap.tmplugin; sourceTree = BUILT_PRODUCTS_DIR; };
		8D5B49B7048680CD000E48DA /* Info.plist */ = {isa = PBXFileReference; fileEncoding = 4; lastKnownFileType = text.plist.xml; path = Info.plist; sourceTree = "<group>"; };
		D2F7E65807B2D6F200F64583 /* CoreData.framework */ = {isa = PBXFileReference; lastKnownFileType = wrapper.framework; name = CoreData.framework; path = /System/Library/Frameworks/CoreData.framework; sourceTree = "<absolute>"; };
/* End PBXFileReference section */

/* Begin PBXFrameworksBuildPhase section */
		8D5B49B3048680CD000E48DA /* Frameworks */ = {
			isa = PBXFrameworksBuildPhase;
			buildActionMask = 2147483647;
			files = (
				8D5B49B4048680CD000E48DA /* Cocoa.framework in Frameworks */,
				045379821138180E0019F7BF /* ShortcutRecorder.framework in Frameworks */,
				044AB049113D2CA500304627 /* MMSparkle.framework in Frameworks */,
			);
			runOnlyForDeploymentPostprocessing = 0;
		};
/* End PBXFrameworksBuildPhase section */

/* Begin PBXGroup section */
		047AC57511748F5F003BDF6F /* sidebar */ = {
			isa = PBXGroup;
			children = (
				04C7F6751178629900A3A4DD /* MMCWTMSplitView.h */,
				04C7F6761178629900A3A4DD /* MMCWTMSplitView.mm */,
				04C7F6771178629900A3A4DD /* MMKFSplitView.h */,
				04C7F6781178629900A3A4DD /* MMKFSplitView.m */,
			);
			name = sidebar;
			sourceTree = "<group>";
		};
		048D06A0112171A8009F7865 /* categories */ = {
			isa = PBXGroup;
			children = (
				04C7F67B117862A400A3A4DD /* NSScrollView+Minimap.h */,
				04C7F67C117862A400A3A4DD /* NSScrollView+Minimap.m */,
				04C7F67D117862A400A3A4DD /* NSView+Minimap.h */,
				04C7F67E117862A400A3A4DD /* NSView+Minimap.m */,
				04C7F67F117862A400A3A4DD /* NSWindow+Minimap.h */,
				04C7F680117862A400A3A4DD /* NSWindow+Minimap.m */,
				04C7F681117862A400A3A4DD /* NSWindowController+Minimap.h */,
				04C7F682117862A400A3A4DD /* NSWindowController+Minimap.m */,
				04C7F683117862A400A3A4DD /* NSWindowController+Preferences.h */,
				04C7F684117862A400A3A4DD /* NSWindowController+Preferences.m */,
			);
			name = categories;
			sourceTree = "<group>";
		};
		04A843D91136972E002743B0 /* resources */ = {
			isa = PBXGroup;
			children = (
				0445E2C1113B545800461711 /* dsa_pub.pem */,
				04D1F7411136CF58008BF7DA /* Preferences.xib */,
				04A843DA1136972E002743B0 /* textmate-minimap.tiff */,
			);
			path = resources;
			sourceTree = "<group>";
		};
		089C166AFE841209C02AAC07 /* Clock */ = {
			isa = PBXGroup;
			children = (
				04CC435B116A7CA600FC40F4 /* README.markdown */,
				04B9A497112AF27F0082EF25 /* LICENSE.txt */,
				8D5B49B7048680CD000E48DA /* Info.plist */,
				089C167DFE841241C02AAC07 /* InfoPlist.strings */,
				04A843D91136972E002743B0 /* resources */,
				08FB77AFFE84173DC02AAC07 /* Classes */,
				32C88E010371C26100C91783 /* Other Sources */,
				089C1671FE841209C02AAC07 /* Frameworks and Libraries */,
				19C28FB8FE9D52D311CA2CBB /* Products */,
			);
			name = Clock;
			sourceTree = "<group>";
		};
		089C1671FE841209C02AAC07 /* Frameworks and Libraries */ = {
			isa = PBXGroup;
			children = (
				1058C7ACFEA557BF11CA2CBB /* Linked Frameworks */,
				1058C7AEFEA557BF11CA2CBB /* Other Frameworks */,
			);
			name = "Frameworks and Libraries";
			sourceTree = "<group>";
		};
		08FB77AFFE84173DC02AAC07 /* Classes */ = {
			isa = PBXGroup;
			children = (
				047AC57511748F5F003BDF6F /* sidebar */,
				048D06A0112171A8009F7865 /* categories */,
				048D064411216B1C009F7865 /* TextMateMinimap.h */,
				048D064511216B1C009F7865 /* TextMateMinimap.m */,
				048D065C11216C0F009F7865 /* MinimapView.h */,
				048D065D11216C0F009F7865 /* MinimapView.m */,
				04DC1B7311536F6700F87F90 /* AsyncDrawOperation.h */,
				04DC1B7411536F6700F87F90 /* AsyncDrawOperation.m */,
				04DC1F501154DC5D00F87F90 /* BackgroundUpdater.h */,
				04DC1F511154DC5D00F87F90 /* BackgroundUpdater.m */,
				044682CE11592AA000BE3D86 /* AsyncBGDrawOperation.h */,
				04AEA8E9115930A700E337C5 /* AsyncBGDrawOperation.m */,
			);
			name = Classes;
			sourceTree = "<group>";
		};
		1058C7ACFEA557BF11CA2CBB /* Linked Frameworks */ = {
			isa = PBXGroup;
			children = (
				1058C7ADFEA557BF11CA2CBB /* Cocoa.framework */,
			);
			name = "Linked Frameworks";
			sourceTree = "<group>";
		};
		1058C7AEFEA557BF11CA2CBB /* Other Frameworks */ = {
			isa = PBXGroup;
			children = (
				089C167FFE841241C02AAC07 /* AppKit.framework */,
				D2F7E65807B2D6F200F64583 /* CoreData.framework */,
				089C1672FE841209C02AAC07 /* Foundation.framework */,
				045379811138180E0019F7BF /* ShortcutRecorder.framework */,
				044AB048113D2CA500304627 /* MMSparkle.framework */,
			);
			name = "Other Frameworks";
			sourceTree = "<group>";
		};
		19C28FB8FE9D52D311CA2CBB /* Products */ = {
			isa = PBXGroup;
			children = (
				8D5B49B6048680CD000E48DA /* TextmateMinimap.tmplugin */,
			);
			name = Products;
			sourceTree = "<group>";
		};
		32C88E010371C26100C91783 /* Other Sources */ = {
			isa = PBXGroup;
			children = (
				0429C0FE111EFFDA0062C5AE /* TextMate.h */,
				0451552D11244E160097261D /* TextMateMinimap_Prefix.pch */,
				0429C0FC111EFFDA0062C5AE /* JRSwizzle.h */,
				0429C0FD111EFFDA0062C5AE /* JRSwizzle.m */,
			);
			name = "Other Sources";
			sourceTree = "<group>";
		};
/* End PBXGroup section */

/* Begin PBXNativeTarget section */
		8D5B49AC048680CD000E48DA /* TextmateMinimap */ = {
			isa = PBXNativeTarget;
			buildConfigurationList = 1DEB913A08733D840010E9CD /* Build configuration list for PBXNativeTarget "TextmateMinimap" */;
			buildPhases = (
				8D5B49AF048680CD000E48DA /* Resources */,
				8D5B49B1048680CD000E48DA /* Sources */,
				8D5B49B3048680CD000E48DA /* Frameworks */,
				04537B88113828FD0019F7BF /* CopyFiles */,
				177E4DB50913322B0064163D /* ShellScript */,
			);
			buildRules = (
			);
			dependencies = (
			);
			name = TextmateMinimap;
			productInstallPath = "$(HOME)/Library/Bundles";
			productName = Clock;
			productReference = 8D5B49B6048680CD000E48DA /* TextmateMinimap.tmplugin */;
			productType = "com.apple.product-type.bundle";
		};
/* End PBXNativeTarget section */

/* Begin PBXProject section */
		089C1669FE841209C02AAC07 /* Project object */ = {
			isa = PBXProject;
			buildConfigurationList = 1DEB913E08733D840010E9CD /* Build configuration list for PBXProject "Textmate-Minimap" */;
			compatibilityVersion = "Xcode 2.4";
			hasScannedForEncodings = 1;
			mainGroup = 089C166AFE841209C02AAC07 /* Clock */;
			projectDirPath = "";
			projectRoot = "";
			targets = (
				8D5B49AC048680CD000E48DA /* TextmateMinimap */,
			);
		};
/* End PBXProject section */

/* Begin PBXResourcesBuildPhase section */
		8D5B49AF048680CD000E48DA /* Resources */ = {
			isa = PBXResourcesBuildPhase;
			buildActionMask = 2147483647;
			files = (
				8D5B49B0048680CD000E48DA /* InfoPlist.strings in Resources */,
				04B9A499112AF27F0082EF25 /* LICENSE.txt in Resources */,
				04A843DB1136972E002743B0 /* textmate-minimap.tiff in Resources */,
				04D1F7421136CF58008BF7DA /* Preferences.xib in Resources */,
				0445E2C2113B545800461711 /* dsa_pub.pem in Resources */,
				04CC435C116A7CA600FC40F4 /* README.markdown in Resources */,
			);
			runOnlyForDeploymentPostprocessing = 0;
		};
/* End PBXResourcesBuildPhase section */

/* Begin PBXShellScriptBuildPhase section */
		177E4DB50913322B0064163D /* ShellScript */ = {
			isa = PBXShellScriptBuildPhase;
			buildActionMask = 2147483647;
			files = (
			);
			inputPaths = (
			);
			outputPaths = (
			);
			runOnlyForDeploymentPostprocessing = 0;
			shellPath = /bin/sh;
			shellScript = "mkdir -p \"$HOME/Library/Application Support/TextMate/PlugIns\"\nrm -rf \"$HOME/Library/Application Support/TextMate/PlugIns/${FULL_PRODUCT_NAME}\"\ncp -pR \"${TARGET_BUILD_DIR}/${FULL_PRODUCT_NAME}\" \"$HOME/Library/Application Support/TextMate/PlugIns\"";
		};
/* End PBXShellScriptBuildPhase section */

/* Begin PBXSourcesBuildPhase section */
		8D5B49B1048680CD000E48DA /* Sources */ = {
			isa = PBXSourcesBuildPhase;
			buildActionMask = 2147483647;
			files = (
				0429C0FF111EFFDA0062C5AE /* JRSwizzle.m in Sources */,
				048D064611216B1C009F7865 /* TextMateMinimap.m in Sources */,
				048D065E11216C0F009F7865 /* MinimapView.m in Sources */,
				04DC1B7511536F6700F87F90 /* AsyncDrawOperation.m in Sources */,
				04DC1F521154DC5D00F87F90 /* BackgroundUpdater.m in Sources */,
				04AEA8EA115930A700E337C5 /* AsyncBGDrawOperation.m in Sources */,
				04C7F6791178629900A3A4DD /* MMCWTMSplitView.mm in Sources */,
				04C7F67A1178629900A3A4DD /* MMKFSplitView.m in Sources */,
				04C7F685117862A400A3A4DD /* NSScrollView+Minimap.m in Sources */,
				04C7F686117862A400A3A4DD /* NSView+Minimap.m in Sources */,
				04C7F687117862A400A3A4DD /* NSWindow+Minimap.m in Sources */,
				04C7F688117862A400A3A4DD /* NSWindowController+Minimap.m in Sources */,
				04C7F689117862A400A3A4DD /* NSWindowController+Preferences.m in Sources */,
			);
			runOnlyForDeploymentPostprocessing = 0;
		};
/* End PBXSourcesBuildPhase section */

/* Begin PBXVariantGroup section */
		089C167DFE841241C02AAC07 /* InfoPlist.strings */ = {
			isa = PBXVariantGroup;
			children = (
				089C167EFE841241C02AAC07 /* English */,
			);
			name = InfoPlist.strings;
			sourceTree = "<group>";
		};
/* End PBXVariantGroup section */

/* Begin XCBuildConfiguration section */
		1DEB913B08733D840010E9CD /* Debug */ = {
			isa = XCBuildConfiguration;
			buildSettings = {
				ARCHS = "$(ARCHS_STANDARD_32_BIT_PRE_XCODE_3_1)";
				ARCHS_STANDARD_32_BIT_PRE_XCODE_3_1 = "ppc i386";
				COPY_PHASE_STRIP = NO;
				FRAMEWORK_SEARCH_PATHS = (
					"$(inherited)",
					"$(FRAMEWORK_SEARCH_PATHS_QUOTED_FOR_TARGET_1)",
					"$(FRAMEWORK_SEARCH_PATHS_QUOTED_FOR_TARGET_2)",
					"$(FRAMEWORK_SEARCH_PATHS_QUOTED_FOR_TARGET_3)",
					"$(FRAMEWORK_SEARCH_PATHS_QUOTED_FOR_TARGET_2)",
					"$(FRAMEWORK_SEARCH_PATHS_QUOTED_FOR_TARGET_3)",
					"$(FRAMEWORK_SEARCH_PATHS_QUOTED_FOR_TARGET_4)",
					"$(FRAMEWORK_SEARCH_PATHS_QUOTED_FOR_TARGET_5)",
					"$(FRAMEWORK_SEARCH_PATHS_QUOTED_FOR_TARGET_6)",
				);
				FRAMEWORK_SEARCH_PATHS_QUOTED_FOR_TARGET_1 = "\"$(SRCROOT)/Frameworks\"";
				FRAMEWORK_SEARCH_PATHS_QUOTED_FOR_TARGET_2 = "\"$(SRCROOT)/Frameworks\"";
				FRAMEWORK_SEARCH_PATHS_QUOTED_FOR_TARGET_3 = "\"$(SRCROOT)\"";
				FRAMEWORK_SEARCH_PATHS_QUOTED_FOR_TARGET_4 = "\"$(SRCROOT)\"";
				FRAMEWORK_SEARCH_PATHS_QUOTED_FOR_TARGET_5 = "\"$(SRCROOT)\"";
				FRAMEWORK_SEARCH_PATHS_QUOTED_FOR_TARGET_6 = "\"$(SRCROOT)/Frameworks\"";
				GCC_DYNAMIC_NO_PIC = NO;
				GCC_ENABLE_FIX_AND_CONTINUE = YES;
				GCC_MODEL_TUNING = G5;
				GCC_OPTIMIZATION_LEVEL = 0;
				GCC_PRECOMPILE_PREFIX_HEADER = YES;
				GCC_PREFIX_HEADER = TextmateMinimap_Prefix.pch;
				GCC_VERSION = "";
				INFOPLIST_FILE = Info.plist;
				INSTALL_PATH = "$(HOME)/Library/Bundles";
				PRODUCT_NAME = TextmateMinimap;
				RUN_CLANG_STATIC_ANALYZER = YES;
				SDKROOT = /Developer/SDKs/MacOSX10.5.sdk;
				WRAPPER_EXTENSION = tmplugin;
				ZERO_LINK = YES;
			};
			name = Debug;
		};
		1DEB913C08733D840010E9CD /* Release */ = {
			isa = XCBuildConfiguration;
			buildSettings = {
				ARCHS = "$(ARCHS_STANDARD_32_64_BIT_PRE_XCODE_3_1)";
				ARCHS_STANDARD_32_64_BIT_PRE_XCODE_3_1 = "x86_64 i386 ppc";
				FRAMEWORK_SEARCH_PATHS = (
					"$(inherited)",
					"$(FRAMEWORK_SEARCH_PATHS_QUOTED_FOR_TARGET_1)",
					"$(FRAMEWORK_SEARCH_PATHS_QUOTED_FOR_TARGET_2)",
					"$(FRAMEWORK_SEARCH_PATHS_QUOTED_FOR_TARGET_3)",
					"$(FRAMEWORK_SEARCH_PATHS_QUOTED_FOR_TARGET_4)",
					"$(FRAMEWORK_SEARCH_PATHS_QUOTED_FOR_TARGET_5)",
				);
				FRAMEWORK_SEARCH_PATHS_QUOTED_FOR_TARGET_1 = "\"$(SRCROOT)/Frameworks\"";
				FRAMEWORK_SEARCH_PATHS_QUOTED_FOR_TARGET_2 = "\"$(SRCROOT)\"";
				FRAMEWORK_SEARCH_PATHS_QUOTED_FOR_TARGET_3 = "\"$(SRCROOT)\"";
				FRAMEWORK_SEARCH_PATHS_QUOTED_FOR_TARGET_4 = "\"$(SRCROOT)\"";
				FRAMEWORK_SEARCH_PATHS_QUOTED_FOR_TARGET_5 = "\"$(SRCROOT)/Frameworks\"";
				GCC_GENERATE_DEBUGGING_SYMBOLS = NO;
				GCC_MODEL_TUNING = G5;
				GCC_PRECOMPILE_PREFIX_HEADER = YES;
				GCC_PREFIX_HEADER = TextmateMinimap_Prefix.pch;
				GCC_VERSION = com.apple.compilers.llvm.clang.1_0;
				INFOPLIST_FILE = Info.plist;
				INSTALL_PATH = "$(HOME)/Library/Bundles";
				PRODUCT_NAME = TextmateMinimap;
				RUN_CLANG_STATIC_ANALYZER = YES;
				SDKROOT = /Developer/SDKs/MacOSX10.5.sdk;
				WRAPPER_EXTENSION = tmplugin;
			};
			name = Release;
		};
		1DEB913F08733D840010E9CD /* Debug */ = {
			isa = XCBuildConfiguration;
			buildSettings = {
				GCC_WARN_ABOUT_RETURN_TYPE = YES;
				GCC_WARN_UNUSED_VARIABLE = YES;
				PREBINDING = NO;
				SDKROOT = /Developer/SDKs/MacOSX10.4u.sdk;
			};
			name = Debug;
		};
		1DEB914008733D840010E9CD /* Release */ = {
			isa = XCBuildConfiguration;
			buildSettings = {
				GCC_WARN_ABOUT_RETURN_TYPE = YES;
				GCC_WARN_UNUSED_VARIABLE = YES;
				PREBINDING = NO;
				SDKROOT = /Developer/SDKs/MacOSX10.4u.sdk;
			};
			name = Release;
		};
/* End XCBuildConfiguration section */

/* Begin XCConfigurationList section */
		1DEB913A08733D840010E9CD /* Build configuration list for PBXNativeTarget "TextmateMinimap" */ = {
			isa = XCConfigurationList;
			buildConfigurations = (
				1DEB913B08733D840010E9CD /* Debug */,
				1DEB913C08733D840010E9CD /* Release */,
			);
			defaultConfigurationIsVisible = 0;
			defaultConfigurationName = Release;
		};
		1DEB913E08733D840010E9CD /* Build configuration list for PBXProject "Textmate-Minimap" */ = {
			isa = XCConfigurationList;
			buildConfigurations = (
				1DEB913F08733D840010E9CD /* Debug */,
				1DEB914008733D840010E9CD /* Release */,
			);
			defaultConfigurationIsVisible = 0;
			defaultConfigurationName = Release;
		};
/* End XCConfigurationList section */
	};
	rootObject = 089C1669FE841209C02AAC07 /* Project object */;
}
